
Microsoft Visual Studio Solution File, Format Version 12.00
# Visual Studio Version 16
VisualStudioVersion = 16.0.29503.13
MinimumVisualStudioVersion = 10.0.40219.1
Project("{FAE04EC0-301F-11D3-BF4B-00C04F79EFBC}") = "inclusiveCourses", "inclusiveCourses\inclusiveCourses.csproj", "{8A131052-3962-4517-A654-D4A67716B71A}"
EndProject
Global
	GlobalSection(SolutionConfigurationPlatforms) = preSolution
		Debug|Any CPU = Debug|Any CPU
		Release|Any CPU = Release|Any CPU
	EndGlobalSection
	GlobalSection(ProjectConfigurationPlatforms) = postSolution
		{8A131052-3962-4517-A654-D4A67716B71A}.Debug|Any CPU.ActiveCfg = Debug|Any CPU
		{8A131052-3962-4517-A654-D4A67716B71A}.Debug|Any CPU.Build.0 = Debug|Any CPU
		{8A131052-3962-4517-A654-D4A67716B71A}.Release|Any CPU.ActiveCfg = Release|Any CPU
		{8A131052-3962-4517-A654-D4A67716B71A}.Release|Any CPU.Build.0 = Release|Any CPU
	EndGlobalSection
	GlobalSection(SolutionProperties) = preSolution
		HideSolutionNode = FALSE
	EndGlobalSection
	GlobalSection(ExtensibilityGlobals) = postSolution
		SolutionGuid = {68B43AD9-A96A-4C71-A36D-2E8BC50989CF}
	EndGlobalSection
EndGlobal
